
Microsoft Visual Studio Solution File, Format Version 12.00
# Visual Studio Version 17
VisualStudioVersion = 17.0.32014.148
MinimumVisualStudioVersion = 10.0.40219.1
Project("{9A19103F-16F7-4668-BE54-9A1E7A4F7556}") = "CustomerProfileWebApi", "CustomerProfileWebApi\CustomerProfileWebApi.csproj", "{C7C8ED0B-F18E-4EC4-9B6F-B6906ACE8FAC}"
EndProject
Global
	GlobalSection(SolutionConfigurationPlatforms) = preSolution
		Debug|Any CPU = Debug|Any CPU
		Release|Any CPU = Release|Any CPU
	EndGlobalSection
	GlobalSection(ProjectConfigurationPlatforms) = postSolution
		{C7C8ED0B-F18E-4EC4-9B6F-B6906ACE8FAC}.Debug|Any CPU.ActiveCfg = Debug|Any CPU
		{C7C8ED0B-F18E-4EC4-9B6F-B6906ACE8FAC}.Debug|Any CPU.Build.0 = Debug|Any CPU
		{C7C8ED0B-F18E-4EC4-9B6F-B6906ACE8FAC}.Release|Any CPU.ActiveCfg = Release|Any CPU
		{C7C8ED0B-F18E-4EC4-9B6F-B6906ACE8FAC}.Release|Any CPU.Build.0 = Release|Any CPU
	EndGlobalSection
	GlobalSection(SolutionProperties) = preSolution
		HideSolutionNode = FALSE
	EndGlobalSection
	GlobalSection(ExtensibilityGlobals) = postSolution
		SolutionGuid = {3BB943AD-FBAA-483B-A26E-5E9C98A665BA}
	EndGlobalSection
EndGlobal
