
Microsoft Visual Studio Solution File, Format Version 12.00
# Visual Studio Version 17
VisualStudioVersion = 17.0.32014.148
MinimumVisualStudioVersion = 10.0.40219.1
Project("{9A19103F-16F7-4668-BE54-9A1E7A4F7556}") = "CustomerProfileWeb", "CustomerProfileWeb\CustomerProfileWeb.csproj", "{386D6E88-F874-4EE2-96D8-0D1C9A95DBE0}"
EndProject
Project("{54A90642-561A-4BB1-A94E-469ADEE60C69}") = "angularproject1", "angularproject1\angularproject1.esproj", "{1B4419C9-6C50-4AD7-A754-5131F20F9039}"
EndProject
Global
	GlobalSection(SolutionConfigurationPlatforms) = preSolution
		Debug|Any CPU = Debug|Any CPU
		Release|Any CPU = Release|Any CPU
	EndGlobalSection
	GlobalSection(ProjectConfigurationPlatforms) = postSolution
		{386D6E88-F874-4EE2-96D8-0D1C9A95DBE0}.Debug|Any CPU.ActiveCfg = Debug|Any CPU
		{386D6E88-F874-4EE2-96D8-0D1C9A95DBE0}.Debug|Any CPU.Build.0 = Debug|Any CPU
		{386D6E88-F874-4EE2-96D8-0D1C9A95DBE0}.Release|Any CPU.ActiveCfg = Release|Any CPU
		{386D6E88-F874-4EE2-96D8-0D1C9A95DBE0}.Release|Any CPU.Build.0 = Release|Any CPU
		{1B4419C9-6C50-4AD7-A754-5131F20F9039}.Debug|Any CPU.ActiveCfg = Debug|Any CPU
		{1B4419C9-6C50-4AD7-A754-5131F20F9039}.Debug|Any CPU.Build.0 = Debug|Any CPU
		{1B4419C9-6C50-4AD7-A754-5131F20F9039}.Debug|Any CPU.Deploy.0 = Debug|Any CPU
		{1B4419C9-6C50-4AD7-A754-5131F20F9039}.Release|Any CPU.ActiveCfg = Release|Any CPU
		{1B4419C9-6C50-4AD7-A754-5131F20F9039}.Release|Any CPU.Build.0 = Release|Any CPU
		{1B4419C9-6C50-4AD7-A754-5131F20F9039}.Release|Any CPU.Deploy.0 = Release|Any CPU
	EndGlobalSection
	GlobalSection(SolutionProperties) = preSolution
		HideSolutionNode = FALSE
	EndGlobalSection
	GlobalSection(ExtensibilityGlobals) = postSolution
		SolutionGuid = {3BB943AD-FBAA-483B-A26E-5E9C98A665BA}
	EndGlobalSection
EndGlobal
